
Microsoft Visual Studio Solution File, Format Version 12.00
# Visual Studio Version 17
VisualStudioVersion = 17.14.37111.16 d17.14
MinimumVisualStudioVersion = 10.0.40219.1
Project("{FAE04EC0-301F-11D3-BF4B-00C04F79EFBC}") = "ClassMember_6518", "ClassMember_6518.csproj", "{D9F5C0DF-26C3-4CB6-BFF8-768B977A4E80}"
EndProject
Global
	GlobalSection(SolutionConfigurationPlatforms) = preSolution
		Debug|Any CPU = Debug|Any CPU
		Release|Any CPU = Release|Any CPU
	EndGlobalSection
	GlobalSection(ProjectConfigurationPlatforms) = postSolution
		{D9F5C0DF-26C3-4CB6-BFF8-768B977A4E80}.Debug|Any CPU.ActiveCfg = Debug|Any CPU
		{D9F5C0DF-26C3-4CB6-BFF8-768B977A4E80}.Debug|Any CPU.Build.0 = Debug|Any CPU
		{D9F5C0DF-26C3-4CB6-BFF8-768B977A4E80}.Release|Any CPU.ActiveCfg = Release|Any CPU
		{D9F5C0DF-26C3-4CB6-BFF8-768B977A4E80}.Release|Any CPU.Build.0 = Release|Any CPU
	EndGlobalSection
	GlobalSection(SolutionProperties) = preSolution
		HideSolutionNode = FALSE
	EndGlobalSection
	GlobalSection(ExtensibilityGlobals) = postSolution
		SolutionGuid = {D398BAD5-C2F3-4B68-B4EC-BB400C883900}
	EndGlobalSection
EndGlobal
